PODS:
  - Charts (3.0.4):
    - Charts/Core (= 3.0.4)
  - Charts/Core (3.0.4)
  - SendBirdSDK (3.0.74)

DEPENDENCIES:
  - Charts
  - SendBirdSDK

SPEC CHECKSUMS:
  Charts: 0705898046257443f0afbbc3179f4b67507b6e48
  SendBirdSDK: 1677c5c51e4c9e287fb1d086233cfb733eded089

PODFILE CHECKSUM: 1ef355df43a0590b7536a34ab482bb1525e44010

COCOAPODS: 1.3.1
