// !$*UTF8*$!
{
	archiveVersion = 1;
	classes = {
	};
	objectVersion = 48;
	objects = {

/* Begin PBXBuildFile section */
		01777AA21FCF6EF4002B95D4 /* AppDelegate.swift in Sources */ = {isa = PBXBuildFile; fileRef = 01777AA11FCF6EF4002B95D4 /* AppDelegate.swift */; };
		01777AA41FCF6EF4002B95D4 /* AuthViewController.swift in Sources */ = {isa = PBXBuildFile; fileRef = 01777AA31FCF6EF4002B95D4 /* AuthViewController.swift */; };
		01777AA91FCF6EF4002B95D4 /* Assets.xcassets in Resources */ = {isa = PBXBuildFile; fileRef = 01777AA81FCF6EF4002B95D4 /* Assets.xcassets */; };
		01777AAC1FCF6EF4002B95D4 /* LaunchScreen.storyboard in Resources */ = {isa = PBXBuildFile; fileRef = 01777AAA1FCF6EF4002B95D4 /* LaunchScreen.storyboard */; };
		01777AB71FCF6EF4002B95D4 /* fundu_Tests.swift in Sources */ = {isa = PBXBuildFile; fileRef = 01777AB61FCF6EF4002B95D4 /* fundu_Tests.swift */; };
		01777AC21FCF6EF4002B95D4 /* fundu_UITests.swift in Sources */ = {isa = PBXBuildFile; fileRef = 01777AC11FCF6EF4002B95D4 /* fundu_UITests.swift */; };
		018502BF1FD315F000469725 /* DashboardViewController.swift in Sources */ = {isa = PBXBuildFile; fileRef = 018502BE1FD315F000469725 /* DashboardViewController.swift */; };
		018502C01FD315F000469725 /* DashboardViewController.swift in Sources */ = {isa = PBXBuildFile; fileRef = 018502BE1FD315F000469725 /* DashboardViewController.swift */; };
		018502C11FD315F000469725 /* DashboardViewController.swift in Sources */ = {isa = PBXBuildFile; fileRef = 018502BE1FD315F000469725 /* DashboardViewController.swift */; };
		018502CB1FD3208200469725 /* fonts in Resources */ = {isa = PBXBuildFile; fileRef = 018502CA1FD3208200469725 /* fonts */; };
		01B48E641FD3234A00075481 /* fonts in Resources */ = {isa = PBXBuildFile; fileRef = 018502CA1FD3208200469725 /* fonts */; };
		01B48E651FD3234B00075481 /* fonts in Resources */ = {isa = PBXBuildFile; fileRef = 018502CA1FD3208200469725 /* fonts */; };
		3E553D48C555732CDF31F723 /* Pods_fundu_.framework in Frameworks */ = {isa = PBXBuildFile; fileRef = C55BD9E09721204BF15C2B99 /* Pods_fundu_.framework */; };
		A024BC7B1FD385970074A7FB /* FeedViewController.swift in Sources */ = {isa = PBXBuildFile; fileRef = A024BC7A1FD385970074A7FB /* FeedViewController.swift */; };
		A024BC7D1FD385A50074A7FB /* SocialViewController.swift in Sources */ = {isa = PBXBuildFile; fileRef = A024BC7C1FD385A50074A7FB /* SocialViewController.swift */; };
		A024BC7F1FD393CD0074A7FB /* MessagesViewController.swift in Sources */ = {isa = PBXBuildFile; fileRef = A024BC7E1FD393CD0074A7FB /* MessagesViewController.swift */; };
		B9860A1894F0D6516113A318 /* Pods_fundu_Tests.framework in Frameworks */ = {isa = PBXBuildFile; fileRef = 029A51EFFC1DC948FCFEECB4 /* Pods_fundu_Tests.framework */; };
		C2775C663ACC39419B213A7E /* Pods_fundu_UITests.framework in Frameworks */ = {isa = PBXBuildFile; fileRef = 05B456085D1F2882564EE697 /* Pods_fundu_UITests.framework */; };
/* End PBXBuildFile section */

/* Begin PBXContainerItemProxy section */
		01777AB31FCF6EF4002B95D4 /* PBXContainerItemProxy */ = {
			isa = PBXContainerItemProxy;
			containerPortal = 01777A961FCF6EF4002B95D4 /* Project object */;
			proxyType = 1;
			remoteGlobalIDString = 01777A9D1FCF6EF4002B95D4;
			remoteInfo = "fundü";
		};
		01777ABE1FCF6EF4002B95D4 /* PBXContainerItemProxy */ = {
			isa = PBXContainerItemProxy;
			containerPortal = 01777A961FCF6EF4002B95D4 /* Project object */;
			proxyType = 1;
			remoteGlobalIDString = 01777A9D1FCF6EF4002B95D4;
			remoteInfo = "fundü";
		};
/* End PBXContainerItemProxy section */

/* Begin PBXFileReference section */
		01777A9E1FCF6EF4002B95D4 /* fundü.app */ = {isa = PBXFileReference; explicitFileType = wrapper.application; includeInIndex = 0; path = "fundü.app"; sourceTree = BUILT_PRODUCTS_DIR; };
		01777AA11FCF6EF4002B95D4 /* AppDelegate.swift */ = {isa = PBXFileReference; lastKnownFileType = sourcecode.swift; path = AppDelegate.swift; sourceTree = "<group>"; };
		01777AA31FCF6EF4002B95D4 /* AuthViewController.swift */ = {isa = PBXFileReference; lastKnownFileType = sourcecode.swift; path = AuthViewController.swift; sourceTree = "<group>"; };
		01777AA81FCF6EF4002B95D4 /* Assets.xcassets */ = {isa = PBXFileReference; lastKnownFileType = folder.assetcatalog; path = Assets.xcassets; sourceTree = "<group>"; };
		01777AAB1FCF6EF4002B95D4 /* Base */ = {isa = PBXFileReference; lastKnownFileType = file.storyboard; name = Base; path = Base.lproj/LaunchScreen.storyboard; sourceTree = "<group>"; };
		01777AAD1FCF6EF4002B95D4 /* Info.plist */ = {isa = PBXFileReference; lastKnownFileType = text.plist.xml; path = Info.plist; sourceTree = "<group>"; };
		01777AB21FCF6EF4002B95D4 /* fundüTests.xctest */ = {isa = PBXFileReference; explicitFileType = wrapper.cfbundle; includeInIndex = 0; path = "fundüTests.xctest"; sourceTree = BUILT_PRODUCTS_DIR; };
		01777AB61FCF6EF4002B95D4 /* fundu_Tests.swift */ = {isa = PBXFileReference; lastKnownFileType = sourcecode.swift; path = fundu_Tests.swift; sourceTree = "<group>"; };
		01777AB81FCF6EF4002B95D4 /* Info.plist */ = {isa = PBXFileReference; lastKnownFileType = text.plist.xml; path = Info.plist; sourceTree = "<group>"; };
		01777ABD1FCF6EF4002B95D4 /* fundüUITests.xctest */ = {isa = PBXFileReference; explicitFileType = wrapper.cfbundle; includeInIndex = 0; path = "fundüUITests.xctest"; sourceTree = BUILT_PRODUCTS_DIR; };
		01777AC11FCF6EF4002B95D4 /* fundu_UITests.swift */ = {isa = PBXFileReference; lastKnownFileType = sourcecode.swift; path = fundu_UITests.swift; sourceTree = "<group>"; };
		01777AC31FCF6EF4002B95D4 /* Info.plist */ = {isa = PBXFileReference; lastKnownFileType = text.plist.xml; path = Info.plist; sourceTree = "<group>"; };
		018502BE1FD315F000469725 /* DashboardViewController.swift */ = {isa = PBXFileReference; lastKnownFileType = sourcecode.swift; path = DashboardViewController.swift; sourceTree = "<group>"; };
		018502CA1FD3208200469725 /* fonts */ = {isa = PBXFileReference; lastKnownFileType = folder; path = fonts; sourceTree = "<group>"; };
		029A51EFFC1DC948FCFEECB4 /* Pods_fundu_Tests.framework */ = {isa = PBXFileReference; explicitFileType = wrapper.framework; includeInIndex = 0; path = Pods_fundu_Tests.framework; sourceTree = BUILT_PRODUCTS_DIR; };
		05B456085D1F2882564EE697 /* Pods_fundu_UITests.framework */ = {isa = PBXFileReference; explicitFileType = wrapper.framework; includeInIndex = 0; path = Pods_fundu_UITests.framework; sourceTree = BUILT_PRODUCTS_DIR; };
		102A0A5BDD789BEA9F6B8F93 /* Pods-fundüTests.release.xcconfig */ = {isa = PBXFileReference; includeInIndex = 1; lastKnownFileType = text.xcconfig; name = "Pods-fundüTests.release.xcconfig"; path = "Pods/Target Support Files/Pods-fundüTests/Pods-fundüTests.release.xcconfig"; sourceTree = "<group>"; };
		45325B2A3F44F3C47C4D6A42 /* Pods-fundü.debug.xcconfig */ = {isa = PBXFileReference; includeInIndex = 1; lastKnownFileType = text.xcconfig; name = "Pods-fundü.debug.xcconfig"; path = "Pods/Target Support Files/Pods-fundü/Pods-fundü.debug.xcconfig"; sourceTree = "<group>"; };
		46B116445E007546AF689FFD /* Pods-fundüUITests.release.xcconfig */ = {isa = PBXFileReference; includeInIndex = 1; lastKnownFileType = text.xcconfig; name = "Pods-fundüUITests.release.xcconfig"; path = "Pods/Target Support Files/Pods-fundüUITests/Pods-fundüUITests.release.xcconfig"; sourceTree = "<group>"; };
		721AE291E785E1ED7EECFB36 /* Pods-fundü.release.xcconfig */ = {isa = PBXFileReference; includeInIndex = 1; lastKnownFileType = text.xcconfig; name = "Pods-fundü.release.xcconfig"; path = "Pods/Target Support Files/Pods-fundü/Pods-fundü.release.xcconfig"; sourceTree = "<group>"; };
		8776C81688BA6A567F7DDDAB /* Pods-fundüTests.debug.xcconfig */ = {isa = PBXFileReference; includeInIndex = 1; lastKnownFileType = text.xcconfig; name = "Pods-fundüTests.debug.xcconfig"; path = "Pods/Target Support Files/Pods-fundüTests/Pods-fundüTests.debug.xcconfig"; sourceTree = "<group>"; };
		A024BC7A1FD385970074A7FB /* FeedViewController.swift */ = {isa = PBXFileReference; lastKnownFileType = sourcecode.swift; path = FeedViewController.swift; sourceTree = "<group>"; };
		A024BC7C1FD385A50074A7FB /* SocialViewController.swift */ = {isa = PBXFileReference; lastKnownFileType = sourcecode.swift; path = SocialViewController.swift; sourceTree = "<group>"; };
		A024BC7E1FD393CD0074A7FB /* MessagesViewController.swift */ = {isa = PBXFileReference; lastKnownFileType = sourcecode.swift; path = MessagesViewController.swift; sourceTree = "<group>"; };
		C55BD9E09721204BF15C2B99 /* Pods_fundu_.framework */ = {isa = PBXFileReference; explicitFileType = wrapper.framework; includeInIndex = 0; path = Pods_fundu_.framework; sourceTree = BUILT_PRODUCTS_DIR; };
		EFB29697553143B8F7C26251 /* Pods-fundüUITests.debug.xcconfig */ = {isa = PBXFileReference; includeInIndex = 1; lastKnownFileType = text.xcconfig; name = "Pods-fundüUITests.debug.xcconfig"; path = "Pods/Target Support Files/Pods-fundüUITests/Pods-fundüUITests.debug.xcconfig"; sourceTree = "<group>"; };
/* End PBXFileReference section */

/* Begin PBXFrameworksBuildPhase section */
		01777A9B1FCF6EF4002B95D4 /* Frameworks */ = {
			isa = PBXFrameworksBuildPhase;
			buildActionMask = 2147483647;
			files = (
				3E553D48C555732CDF31F723 /* Pods_fundu_.framework in Frameworks */,
			);
			runOnlyForDeploymentPostprocessing = 0;
		};
		01777AAF1FCF6EF4002B95D4 /* Frameworks */ = {
			isa = PBXFrameworksBuildPhase;
			buildActionMask = 2147483647;
			files = (
				B9860A1894F0D6516113A318 /* Pods_fundu_Tests.framework in Frameworks */,
			);
			runOnlyForDeploymentPostprocessing = 0;
		};
		01777ABA1FCF6EF4002B95D4 /* Frameworks */ = {
			isa = PBXFrameworksBuildPhase;
			buildActionMask = 2147483647;
			files = (
				C2775C663ACC39419B213A7E /* Pods_fundu_UITests.framework in Frameworks */,
			);
			runOnlyForDeploymentPostprocessing = 0;
		};
/* End PBXFrameworksBuildPhase section */

/* Begin PBXGroup section */
		01777A951FCF6EF4002B95D4 = {
			isa = PBXGroup;
			children = (
				018502CA1FD3208200469725 /* fonts */,
				01777AA01FCF6EF4002B95D4 /* fundü */,
				01777AB51FCF6EF4002B95D4 /* fundüTests */,
				01777AC01FCF6EF4002B95D4 /* fundüUITests */,
				01777A9F1FCF6EF4002B95D4 /* Products */,
				32CCBCD215A88EBFD1F1223A /* Pods */,
				EC5F1F051D4F81B2F361A119 /* Frameworks */,
			);
			sourceTree = "<group>";
		};
		01777A9F1FCF6EF4002B95D4 /* Products */ = {
			isa = PBXGroup;
			children = (
				01777A9E1FCF6EF4002B95D4 /* fundü.app */,
				01777AB21FCF6EF4002B95D4 /* fundüTests.xctest */,
				01777ABD1FCF6EF4002B95D4 /* fundüUITests.xctest */,
			);
			name = Products;
			sourceTree = "<group>";
		};
		01777AA01FCF6EF4002B95D4 /* fundü */ = {
			isa = PBXGroup;
			children = (
				01777AA11FCF6EF4002B95D4 /* AppDelegate.swift */,
				01777AA31FCF6EF4002B95D4 /* AuthViewController.swift */,
				018502BE1FD315F000469725 /* DashboardViewController.swift */,
				A024BC7A1FD385970074A7FB /* FeedViewController.swift */,
				A024BC7C1FD385A50074A7FB /* SocialViewController.swift */,
				A024BC7E1FD393CD0074A7FB /* MessagesViewController.swift */,
				01777AA81FCF6EF4002B95D4 /* Assets.xcassets */,
				01777AAA1FCF6EF4002B95D4 /* LaunchScreen.storyboard */,
				01777AAD1FCF6EF4002B95D4 /* Info.plist */,
			);
			path = "fundü";
			sourceTree = "<group>";
		};
		01777AB51FCF6EF4002B95D4 /* fundüTests */ = {
			isa = PBXGroup;
			children = (
				01777AB61FCF6EF4002B95D4 /* fundu_Tests.swift */,
				01777AB81FCF6EF4002B95D4 /* Info.plist */,
			);
			path = "fundüTests";
			sourceTree = "<group>";
		};
		01777AC01FCF6EF4002B95D4 /* fundüUITests */ = {
			isa = PBXGroup;
			children = (
				01777AC11FCF6EF4002B95D4 /* fundu_UITests.swift */,
				01777AC31FCF6EF4002B95D4 /* Info.plist */,
			);
			path = "fundüUITests";
			sourceTree = "<group>";
		};
		32CCBCD215A88EBFD1F1223A /* Pods */ = {
			isa = PBXGroup;
			children = (
				45325B2A3F44F3C47C4D6A42 /* Pods-fundü.debug.xcconfig */,
				721AE291E785E1ED7EECFB36 /* Pods-fundü.release.xcconfig */,
				8776C81688BA6A567F7DDDAB /* Pods-fundüTests.debug.xcconfig */,
				102A0A5BDD789BEA9F6B8F93 /* Pods-fundüTests.release.xcconfig */,
				EFB29697553143B8F7C26251 /* Pods-fundüUITests.debug.xcconfig */,
				46B116445E007546AF689FFD /* Pods-fundüUITests.release.xcconfig */,
			);
			name = Pods;
			sourceTree = "<group>";
		};
		EC5F1F051D4F81B2F361A119 /* Frameworks */ = {
			isa = PBXGroup;
			children = (
				C55BD9E09721204BF15C2B99 /* Pods_fundu_.framework */,
				029A51EFFC1DC948FCFEECB4 /* Pods_fundu_Tests.framework */,
				05B456085D1F2882564EE697 /* Pods_fundu_UITests.framework */,
			);
			name = Frameworks;
			sourceTree = "<group>";
		};
/* End PBXGroup section */

/* Begin PBXNativeTarget section */
		01777A9D1FCF6EF4002B95D4 /* fundü */ = {
			isa = PBXNativeTarget;
			buildConfigurationList = 01777AC61FCF6EF4002B95D4 /* Build configuration list for PBXNativeTarget "fundü" */;
			buildPhases = (
				203F505A1F7E377B798CF5AE /* [CP] Check Pods Manifest.lock */,
				01777A9A1FCF6EF4002B95D4 /* Sources */,
				01777A9B1FCF6EF4002B95D4 /* Frameworks */,
				01777A9C1FCF6EF4002B95D4 /* Resources */,
				93651A3E567DC1D913F26737 /* [CP] Embed Pods Frameworks */,
				9F7DA59E31AF13870B1566E6 /* [CP] Copy Pods Resources */,
			);
			buildRules = (
			);
			dependencies = (
			);
			name = "fundü";
			productName = "fundü";
			productReference = 01777A9E1FCF6EF4002B95D4 /* fundü.app */;
			productType = "com.apple.product-type.application";
		};
		01777AB11FCF6EF4002B95D4 /* fundüTests */ = {
			isa = PBXNativeTarget;
			buildConfigurationList = 01777AC91FCF6EF4002B95D4 /* Build configuration list for PBXNativeTarget "fundüTests" */;
			buildPhases = (
				6352A0A12C081301C40212F6 /* [CP] Check Pods Manifest.lock */,
				01777AAE1FCF6EF4002B95D4 /* Sources */,
				01777AAF1FCF6EF4002B95D4 /* Frameworks */,
				01777AB01FCF6EF4002B95D4 /* Resources */,
				04A0B472C2510C97A8678597 /* [CP] Embed Pods Frameworks */,
				79AB563B54D2FD5CFAB80984 /* [CP] Copy Pods Resources */,
			);
			buildRules = (
			);
			dependencies = (
				01777AB41FCF6EF4002B95D4 /* PBXTargetDependency */,
			);
			name = "fundüTests";
			productName = "fundüTests";
			productReference = 01777AB21FCF6EF4002B95D4 /* fundüTests.xctest */;
			productType = "com.apple.product-type.bundle.unit-test";
		};
		01777ABC1FCF6EF4002B95D4 /* fundüUITests */ = {
			isa = PBXNativeTarget;
			buildConfigurationList = 01777ACC1FCF6EF4002B95D4 /* Build configuration list for PBXNativeTarget "fundüUITests" */;
			buildPhases = (
				72EC84AB7B054261587CA6EA /* [CP] Check Pods Manifest.lock */,
				01777AB91FCF6EF4002B95D4 /* Sources */,
				01777ABA1FCF6EF4002B95D4 /* Frameworks */,
				01777ABB1FCF6EF4002B95D4 /* Resources */,
				BEF7B4E7B146F7AECD57D361 /* [CP] Embed Pods Frameworks */,
				4D4E10D5071260B117A436B3 /* [CP] Copy Pods Resources */,
			);
			buildRules = (
			);
			dependencies = (
				01777ABF1FCF6EF4002B95D4 /* PBXTargetDependency */,
			);
			name = "fundüUITests";
			productName = "fundüUITests";
			productReference = 01777ABD1FCF6EF4002B95D4 /* fundüUITests.xctest */;
			productType = "com.apple.product-type.bundle.ui-testing";
		};
/* End PBXNativeTarget section */

/* Begin PBXProject section */
		01777A961FCF6EF4002B95D4 /* Project object */ = {
			isa = PBXProject;
			attributes = {
				LastSwiftUpdateCheck = 0900;
				LastUpgradeCheck = 0900;
				ORGANIZATIONNAME = "fundü";
				TargetAttributes = {
					01777A9D1FCF6EF4002B95D4 = {
						CreatedOnToolsVersion = 9.0.1;
						ProvisioningStyle = Automatic;
					};
					01777AB11FCF6EF4002B95D4 = {
						CreatedOnToolsVersion = 9.0.1;
						ProvisioningStyle = Automatic;
						TestTargetID = 01777A9D1FCF6EF4002B95D4;
					};
					01777ABC1FCF6EF4002B95D4 = {
						CreatedOnToolsVersion = 9.0.1;
						ProvisioningStyle = Automatic;
						TestTargetID = 01777A9D1FCF6EF4002B95D4;
					};
				};
			};
			buildConfigurationList = 01777A991FCF6EF4002B95D4 /* Build configuration list for PBXProject "fundü" */;
			compatibilityVersion = "Xcode 8.0";
			developmentRegion = en;
			hasScannedForEncodings = 0;
			knownRegions = (
				en,
				Base,
			);
			mainGroup = 01777A951FCF6EF4002B95D4;
			productRefGroup = 01777A9F1FCF6EF4002B95D4 /* Products */;
			projectDirPath = "";
			projectRoot = "";
			targets = (
				01777A9D1FCF6EF4002B95D4 /* fundü */,
				01777AB11FCF6EF4002B95D4 /* fundüTests */,
				01777ABC1FCF6EF4002B95D4 /* fundüUITests */,
			);
		};
/* End PBXProject section */

/* Begin PBXResourcesBuildPhase section */
		01777A9C1FCF6EF4002B95D4 /* Resources */ = {
			isa = PBXResourcesBuildPhase;
			buildActionMask = 2147483647;
			files = (
				018502CB1FD3208200469725 /* fonts in Resources */,
				01777AAC1FCF6EF4002B95D4 /* LaunchScreen.storyboard in Resources */,
				01777AA91FCF6EF4002B95D4 /* Assets.xcassets in Resources */,
			);
			runOnlyForDeploymentPostprocessing = 0;
		};
		01777AB01FCF6EF4002B95D4 /* Resources */ = {
			isa = PBXResourcesBuildPhase;
			buildActionMask = 2147483647;
			files = (
				01B48E641FD3234A00075481 /* fonts in Resources */,
			);
			runOnlyForDeploymentPostprocessing = 0;
		};
		01777ABB1FCF6EF4002B95D4 /* Resources */ = {
			isa = PBXResourcesBuildPhase;
			buildActionMask = 2147483647;
			files = (
				01B48E651FD3234B00075481 /* fonts in Resources */,
			);
			runOnlyForDeploymentPostprocessing = 0;
		};
/* End PBXResourcesBuildPhase section */

/* Begin PBXShellScriptBuildPhase section */
		04A0B472C2510C97A8678597 /* [CP] Embed Pods Frameworks */ = {
			isa = PBXShellScriptBuildPhase;
			buildActionMask = 2147483647;
			files = (
			);
			inputPaths = (
			);
			name = "[CP] Embed Pods Frameworks";
			outputPaths = (
			);
			runOnlyForDeploymentPostprocessing = 0;
			shellPath = /bin/sh;
			shellScript = "\"${SRCROOT}/Pods/Target Support Files/Pods-fundüTests/Pods-fundüTests-frameworks.sh\"\n";
			showEnvVarsInLog = 0;
		};
		203F505A1F7E377B798CF5AE /* [CP] Check Pods Manifest.lock */ = {
			isa = PBXShellScriptBuildPhase;
			buildActionMask = 2147483647;
			files = (
			);
			inputPaths = (
				"${PODS_PODFILE_DIR_PATH}/Podfile.lock",
				"${PODS_ROOT}/Manifest.lock",
			);
			name = "[CP] Check Pods Manifest.lock";
			outputPaths = (
				"$(DERIVED_FILE_DIR)/Pods-fundü-checkManifestLockResult.txt",
			);
			runOnlyForDeploymentPostprocessing = 0;
			shellPath = /bin/sh;
			shellScript = "diff \"${PODS_PODFILE_DIR_PATH}/Podfile.lock\" \"${PODS_ROOT}/Manifest.lock\" > /dev/null\nif [ $? != 0 ] ; then\n    # print error to STDERR\n    echo \"error: The sandbox is not in sync with the Podfile.lock. Run 'pod install' or update your CocoaPods installation.\" >&2\n    exit 1\nfi\n# This output is used by Xcode 'outputs' to avoid re-running this script phase.\necho \"SUCCESS\" > \"${SCRIPT_OUTPUT_FILE_0}\"\n";
			showEnvVarsInLog = 0;
		};
		4D4E10D5071260B117A436B3 /* [CP] Copy Pods Resources */ = {
			isa = PBXShellScriptBuildPhase;
			buildActionMask = 2147483647;
			files = (
			);
			inputPaths = (
			);
			name = "[CP] Copy Pods Resources";
			outputPaths = (
			);
			runOnlyForDeploymentPostprocessing = 0;
			shellPath = /bin/sh;
			shellScript = "\"${SRCROOT}/Pods/Target Support Files/Pods-fundüUITests/Pods-fundüUITests-resources.sh\"\n";
			showEnvVarsInLog = 0;
		};
		6352A0A12C081301C40212F6 /* [CP] Check Pods Manifest.lock */ = {
			isa = PBXShellScriptBuildPhase;
			buildActionMask = 2147483647;
			files = (
			);
			inputPaths = (
				"${PODS_PODFILE_DIR_PATH}/Podfile.lock",
				"${PODS_ROOT}/Manifest.lock",
			);
			name = "[CP] Check Pods Manifest.lock";
			outputPaths = (
				"$(DERIVED_FILE_DIR)/Pods-fundüTests-checkManifestLockResult.txt",
			);
			runOnlyForDeploymentPostprocessing = 0;
			shellPath = /bin/sh;
			shellScript = "diff \"${PODS_PODFILE_DIR_PATH}/Podfile.lock\" \"${PODS_ROOT}/Manifest.lock\" > /dev/null\nif [ $? != 0 ] ; then\n    # print error to STDERR\n    echo \"error: The sandbox is not in sync with the Podfile.lock. Run 'pod install' or update your CocoaPods installation.\" >&2\n    exit 1\nfi\n# This output is used by Xcode 'outputs' to avoid re-running this script phase.\necho \"SUCCESS\" > \"${SCRIPT_OUTPUT_FILE_0}\"\n";
			showEnvVarsInLog = 0;
		};
		72EC84AB7B054261587CA6EA /* [CP] Check Pods Manifest.lock */ = {
			isa = PBXShellScriptBuildPhase;
			buildActionMask = 2147483647;
			files = (
			);
			inputPaths = (
				"${PODS_PODFILE_DIR_PATH}/Podfile.lock",
				"${PODS_ROOT}/Manifest.lock",
			);
			name = "[CP] Check Pods Manifest.lock";
			outputPaths = (
				"$(DERIVED_FILE_DIR)/Pods-fundüUITests-checkManifestLockResult.txt",
			);
			runOnlyForDeploymentPostprocessing = 0;
			shellPath = /bin/sh;
			shellScript = "diff \"${PODS_PODFILE_DIR_PATH}/Podfile.lock\" \"${PODS_ROOT}/Manifest.lock\" > /dev/null\nif [ $? != 0 ] ; then\n    # print error to STDERR\n    echo \"error: The sandbox is not in sync with the Podfile.lock. Run 'pod install' or update your CocoaPods installation.\" >&2\n    exit 1\nfi\n# This output is used by Xcode 'outputs' to avoid re-running this script phase.\necho \"SUCCESS\" > \"${SCRIPT_OUTPUT_FILE_0}\"\n";
			showEnvVarsInLog = 0;
		};
		79AB563B54D2FD5CFAB80984 /* [CP] Copy Pods Resources */ = {
			isa = PBXShellScriptBuildPhase;
			buildActionMask = 2147483647;
			files = (
			);
			inputPaths = (
			);
			name = "[CP] Copy Pods Resources";
			outputPaths = (
			);
			runOnlyForDeploymentPostprocessing = 0;
			shellPath = /bin/sh;
			shellScript = "\"${SRCROOT}/Pods/Target Support Files/Pods-fundüTests/Pods-fundüTests-resources.sh\"\n";
			showEnvVarsInLog = 0;
		};
		93651A3E567DC1D913F26737 /* [CP] Embed Pods Frameworks */ = {
			isa = PBXShellScriptBuildPhase;
			buildActionMask = 2147483647;
			files = (
			);
			inputPaths = (
			);
			name = "[CP] Embed Pods Frameworks";
			outputPaths = (
			);
			runOnlyForDeploymentPostprocessing = 0;
			shellPath = /bin/sh;
			shellScript = "\"${SRCROOT}/Pods/Target Support Files/Pods-fundü/Pods-fundü-frameworks.sh\"\n";
			showEnvVarsInLog = 0;
		};
		9F7DA59E31AF13870B1566E6 /* [CP] Copy Pods Resources */ = {
			isa = PBXShellScriptBuildPhase;
			buildActionMask = 2147483647;
			files = (
			);
			inputPaths = (
			);
			name = "[CP] Copy Pods Resources";
			outputPaths = (
			);
			runOnlyForDeploymentPostprocessing = 0;
			shellPath = /bin/sh;
			shellScript = "\"${SRCROOT}/Pods/Target Support Files/Pods-fundü/Pods-fundü-resources.sh\"\n";
			showEnvVarsInLog = 0;
		};
		BEF7B4E7B146F7AECD57D361 /* [CP] Embed Pods Frameworks */ = {
			isa = PBXShellScriptBuildPhase;
			buildActionMask = 2147483647;
			files = (
			);
			inputPaths = (
			);
			name = "[CP] Embed Pods Frameworks";
			outputPaths = (
			);
			runOnlyForDeploymentPostprocessing = 0;
			shellPath = /bin/sh;
			shellScript = "\"${SRCROOT}/Pods/Target Support Files/Pods-fundüUITests/Pods-fundüUITests-frameworks.sh\"\n";
			showEnvVarsInLog = 0;
		};
/* End PBXShellScriptBuildPhase section */

/* Begin PBXSourcesBuildPhase section */
		01777A9A1FCF6EF4002B95D4 /* Sources */ = {
			isa = PBXSourcesBuildPhase;
			buildActionMask = 2147483647;
			files = (
				A024BC7F1FD393CD0074A7FB /* MessagesViewController.swift in Sources */,
				A024BC7D1FD385A50074A7FB /* SocialViewController.swift in Sources */,
				01777AA41FCF6EF4002B95D4 /* AuthViewController.swift in Sources */,
				018502BF1FD315F000469725 /* DashboardViewController.swift in Sources */,
				A024BC7B1FD385970074A7FB /* FeedViewController.swift in Sources */,
				01777AA21FCF6EF4002B95D4 /* AppDelegate.swift in Sources */,
			);
			runOnlyForDeploymentPostprocessing = 0;
		};
		01777AAE1FCF6EF4002B95D4 /* Sources */ = {
			isa = PBXSourcesBuildPhase;
			buildActionMask = 2147483647;
			files = (
				01777AB71FCF6EF4002B95D4 /* fundu_Tests.swift in Sources */,
				018502C01FD315F000469725 /* DashboardViewController.swift in Sources */,
			);
			runOnlyForDeploymentPostprocessing = 0;
		};
		01777AB91FCF6EF4002B95D4 /* Sources */ = {
			isa = PBXSourcesBuildPhase;
			buildActionMask = 2147483647;
			files = (
				01777AC21FCF6EF4002B95D4 /* fundu_UITests.swift in Sources */,
				018502C11FD315F000469725 /* DashboardViewController.swift in Sources */,
			);
			runOnlyForDeploymentPostprocessing = 0;
		};
/* End PBXSourcesBuildPhase section */

/* Begin PBXTargetDependency section */
		01777AB41FCF6EF4002B95D4 /* PBXTargetDependency */ = {
			isa = PBXTargetDependency;
			target = 01777A9D1FCF6EF4002B95D4 /* fundü */;
			targetProxy = 01777AB31FCF6EF4002B95D4 /* PBXContainerItemProxy */;
		};
		01777ABF1FCF6EF4002B95D4 /* PBXTargetDependency */ = {
			isa = PBXTargetDependency;
			target = 01777A9D1FCF6EF4002B95D4 /* fundü */;
			targetProxy = 01777ABE1FCF6EF4002B95D4 /* PBXContainerItemProxy */;
		};
/* End PBXTargetDependency section */

/* Begin PBXVariantGroup section */
		01777AAA1FCF6EF4002B95D4 /* LaunchScreen.storyboard */ = {
			isa = PBXVariantGroup;
			children = (
				01777AAB1FCF6EF4002B95D4 /* Base */,
			);
			name = LaunchScreen.storyboard;
			sourceTree = "<group>";
		};
/* End PBXVariantGroup section */

/* Begin XCBuildConfiguration section */
		01777AC41FCF6EF4002B95D4 /* Debug */ = {
			isa = XCBuildConfiguration;
			buildSettings = {
				ALWAYS_SEARCH_USER_PATHS = NO;
				CLANG_ANALYZER_NONNULL = YES;
				CLANG_ANALYZER_NUMBER_OBJECT_CONVERSION = YES_AGGRESSIVE;
				CLANG_CXX_LANGUAGE_STANDARD = "gnu++14";
				CLANG_CXX_LIBRARY = "libc++";
				CLANG_ENABLE_MODULES = YES;
				CLANG_ENABLE_OBJC_ARC = YES;
				CLANG_WARN_BLOCK_CAPTURE_AUTORELEASING = YES;
				CLANG_WARN_BOOL_CONVERSION = YES;
				CLANG_WARN_COMMA = YES;
				CLANG_WARN_CONSTANT_CONVERSION = YES;
				CLANG_WARN_DIRECT_OBJC_ISA_USAGE = YES_ERROR;
				CLANG_WARN_DOCUMENTATION_COMMENTS = YES;
				CLANG_WARN_EMPTY_BODY = YES;
				CLANG_WARN_ENUM_CONVERSION = YES;
				CLANG_WARN_INFINITE_RECURSION = YES;
				CLANG_WARN_INT_CONVERSION = YES;
				CLANG_WARN_NON_LITERAL_NULL_CONVERSION = YES;
				CLANG_WARN_OBJC_LITERAL_CONVERSION = YES;
				CLANG_WARN_OBJC_ROOT_CLASS = YES_ERROR;
				CLANG_WARN_RANGE_LOOP_ANALYSIS = YES;
				CLANG_WARN_STRICT_PROTOTYPES = YES;
				CLANG_WARN_SUSPICIOUS_MOVE = YES;
				CLANG_WARN_UNGUARDED_AVAILABILITY = YES_AGGRESSIVE;
				CLANG_WARN_UNREACHABLE_CODE = YES;
				CLANG_WARN__DUPLICATE_METHOD_MATCH = YES;
				CODE_SIGN_IDENTITY = "iPhone Developer";
				COPY_PHASE_STRIP = NO;
				DEBUG_INFORMATION_FORMAT = dwarf;
				ENABLE_STRICT_OBJC_MSGSEND = YES;
				ENABLE_TESTABILITY = YES;
				GCC_C_LANGUAGE_STANDARD = gnu11;
				GCC_DYNAMIC_NO_PIC = NO;
				GCC_NO_COMMON_BLOCKS = YES;
				GCC_OPTIMIZATION_LEVEL = 0;
				GCC_PREPROCESSOR_DEFINITIONS = (
					"DEBUG=1",
					"$(inherited)",
				);
				GCC_WARN_64_TO_32_BIT_CONVERSION = YES;
				GCC_WARN_ABOUT_RETURN_TYPE = YES_ERROR;
				GCC_WARN_UNDECLARED_SELECTOR = YES;
				GCC_WARN_UNINITIALIZED_AUTOS = YES_AGGRESSIVE;
				GCC_WARN_UNUSED_FUNCTION = YES;
				GCC_WARN_UNUSED_VARIABLE = YES;
				IPHONEOS_DEPLOYMENT_TARGET = 11.0;
				MTL_ENABLE_DEBUG_INFO = YES;
				ONLY_ACTIVE_ARCH = YES;
				SDKROOT = iphoneos;
				SWIFT_ACTIVE_COMPILATION_CONDITIONS = DEBUG;
				SWIFT_OPTIMIZATION_LEVEL = "-Onone";
			};
			name = Debug;
		};
		01777AC51FCF6EF4002B95D4 /* Release */ = {
			isa = XCBuildConfiguration;
			buildSettings = {
				ALWAYS_SEARCH_USER_PATHS = NO;
				CLANG_ANALYZER_NONNULL = YES;
				CLANG_ANALYZER_NUMBER_OBJECT_CONVERSION = YES_AGGRESSIVE;
				CLANG_CXX_LANGUAGE_STANDARD = "gnu++14";
				CLANG_CXX_LIBRARY = "libc++";
				CLANG_ENABLE_MODULES = YES;
				CLANG_ENABLE_OBJC_ARC = YES;
				CLANG_WARN_BLOCK_CAPTURE_AUTORELEASING = YES;
				CLANG_WARN_BOOL_CONVERSION = YES;
				CLANG_WARN_COMMA = YES;
				CLANG_WARN_CONSTANT_CONVERSION = YES;
				CLANG_WARN_DIRECT_OBJC_ISA_USAGE = YES_ERROR;
				CLANG_WARN_DOCUMENTATION_COMMENTS = YES;
				CLANG_WARN_EMPTY_BODY = YES;
				CLANG_WARN_ENUM_CONVERSION = YES;
				CLANG_WARN_INFINITE_RECURSION = YES;
				CLANG_WARN_INT_CONVERSION = YES;
				CLANG_WARN_NON_LITERAL_NULL_CONVERSION = YES;
				CLANG_WARN_OBJC_LITERAL_CONVERSION = YES;
				CLANG_WARN_OBJC_ROOT_CLASS = YES_ERROR;
				CLANG_WARN_RANGE_LOOP_ANALYSIS = YES;
				CLANG_WARN_STRICT_PROTOTYPES = YES;
				CLANG_WARN_SUSPICIOUS_MOVE = YES;
				CLANG_WARN_UNGUARDED_AVAILABILITY = YES_AGGRESSIVE;
				CLANG_WARN_UNREACHABLE_CODE = YES;
				CLANG_WARN__DUPLICATE_METHOD_MATCH = YES;
				CODE_SIGN_IDENTITY = "iPhone Developer";
				COPY_PHASE_STRIP = NO;
				DEBUG_INFORMATION_FORMAT = "dwarf-with-dsym";
				ENABLE_NS_ASSERTIONS = NO;
				ENABLE_STRICT_OBJC_MSGSEND = YES;
				GCC_C_LANGUAGE_STANDARD = gnu11;
				GCC_NO_COMMON_BLOCKS = YES;
				GCC_WARN_64_TO_32_BIT_CONVERSION = YES;
				GCC_WARN_ABOUT_RETURN_TYPE = YES_ERROR;
				GCC_WARN_UNDECLARED_SELECTOR = YES;
				GCC_WARN_UNINITIALIZED_AUTOS = YES_AGGRESSIVE;
				GCC_WARN_UNUSED_FUNCTION = YES;
				GCC_WARN_UNUSED_VARIABLE = YES;
				IPHONEOS_DEPLOYMENT_TARGET = 11.0;
				MTL_ENABLE_DEBUG_INFO = NO;
				SDKROOT = iphoneos;
				SWIFT_OPTIMIZATION_LEVEL = "-Owholemodule";
				VALIDATE_PRODUCT = YES;
			};
			name = Release;
		};
		01777AC71FCF6EF4002B95D4 /* Debug */ = {
			isa = XCBuildConfiguration;
			baseConfigurationReference = 45325B2A3F44F3C47C4D6A42 /* Pods-fundü.debug.xcconfig */;
			buildSettings = {
				ASSETCATALOG_COMPILER_APPICON_NAME = AppIcon;
				CODE_SIGN_STYLE = Automatic;
				DEVELOPMENT_TEAM = 7S4263AQL8;
				INFOPLIST_FILE = "fundü/Info.plist";
				LD_RUNPATH_SEARCH_PATHS = "$(inherited) @executable_path/Frameworks";
				PRODUCT_BUNDLE_IDENTIFIER = "itp466.fundu-";
				PRODUCT_NAME = "$(TARGET_NAME)";
				SWIFT_VERSION = 4.0;
				TARGETED_DEVICE_FAMILY = "1,2";
			};
			name = Debug;
		};
		01777AC81FCF6EF4002B95D4 /* Release */ = {
			isa = XCBuildConfiguration;
			baseConfigurationReference = 721AE291E785E1ED7EECFB36 /* Pods-fundü.release.xcconfig */;
			buildSettings = {
				ASSETCATALOG_COMPILER_APPICON_NAME = AppIcon;
				CODE_SIGN_STYLE = Automatic;
				DEVELOPMENT_TEAM = 7S4263AQL8;
				INFOPLIST_FILE = "fundü/Info.plist";
				LD_RUNPATH_SEARCH_PATHS = "$(inherited) @executable_path/Frameworks";
				PRODUCT_BUNDLE_IDENTIFIER = "itp466.fundu-";
				PRODUCT_NAME = "$(TARGET_NAME)";
				SWIFT_VERSION = 4.0;
				TARGETED_DEVICE_FAMILY = "1,2";
			};
			name = Release;
		};
		01777ACA1FCF6EF4002B95D4 /* Debug */ = {
			isa = XCBuildConfiguration;
			baseConfigurationReference = 8776C81688BA6A567F7DDDAB /* Pods-fundüTests.debug.xcconfig */;
			buildSettings = {
				ALWAYS_EMBED_SWIFT_STANDARD_LIBRARIES = YES;
				BUNDLE_LOADER = "$(TEST_HOST)";
				CODE_SIGN_STYLE = Automatic;
				INFOPLIST_FILE = "fundüTests/Info.plist";
				LD_RUNPATH_SEARCH_PATHS = "$(inherited) @executable_path/Frameworks @loader_path/Frameworks";
				PRODUCT_BUNDLE_IDENTIFIER = "itp466.fundu-Tests";
				PRODUCT_NAME = "$(TARGET_NAME)";
				SWIFT_VERSION = 4.0;
				TARGETED_DEVICE_FAMILY = "1,2";
				TEST_HOST = "$(BUILT_PRODUCTS_DIR)/fundü.app/fundü";
			};
			name = Debug;
		};
		01777ACB1FCF6EF4002B95D4 /* Release */ = {
			isa = XCBuildConfiguration;
			baseConfigurationReference = 102A0A5BDD789BEA9F6B8F93 /* Pods-fundüTests.release.xcconfig */;
			buildSettings = {
				ALWAYS_EMBED_SWIFT_STANDARD_LIBRARIES = YES;
				BUNDLE_LOADER = "$(TEST_HOST)";
				CODE_SIGN_STYLE = Automatic;
				INFOPLIST_FILE = "fundüTests/Info.plist";
				LD_RUNPATH_SEARCH_PATHS = "$(inherited) @executable_path/Frameworks @loader_path/Frameworks";
				PRODUCT_BUNDLE_IDENTIFIER = "itp466.fundu-Tests";
				PRODUCT_NAME = "$(TARGET_NAME)";
				SWIFT_VERSION = 4.0;
				TARGETED_DEVICE_FAMILY = "1,2";
				TEST_HOST = "$(BUILT_PRODUCTS_DIR)/fundü.app/fundü";
			};
			name = Release;
		};
		01777ACD1FCF6EF4002B95D4 /* Debug */ = {
			isa = XCBuildConfiguration;
			baseConfigurationReference = EFB29697553143B8F7C26251 /* Pods-fundüUITests.debug.xcconfig */;
			buildSettings = {
				ALWAYS_EMBED_SWIFT_STANDARD_LIBRARIES = YES;
				CODE_SIGN_STYLE = Automatic;
				INFOPLIST_FILE = "fundüUITests/Info.plist";
				LD_RUNPATH_SEARCH_PATHS = "$(inherited) @executable_path/Frameworks @loader_path/Frameworks";
				PRODUCT_BUNDLE_IDENTIFIER = "itp466.fundu-UITests";
				PRODUCT_NAME = "$(TARGET_NAME)";
				SWIFT_VERSION = 4.0;
				TARGETED_DEVICE_FAMILY = "1,2";
				TEST_TARGET_NAME = "fundü";
			};
			name = Debug;
		};
		01777ACE1FCF6EF4002B95D4 /* Release */ = {
			isa = XCBuildConfiguration;
			baseConfigurationReference = 46B116445E007546AF689FFD /* Pods-fundüUITests.release.xcconfig */;
			buildSettings = {
				ALWAYS_EMBED_SWIFT_STANDARD_LIBRARIES = YES;
				CODE_SIGN_STYLE = Automatic;
				INFOPLIST_FILE = "fundüUITests/Info.plist";
				LD_RUNPATH_SEARCH_PATHS = "$(inherited) @executable_path/Frameworks @loader_path/Frameworks";
				PRODUCT_BUNDLE_IDENTIFIER = "itp466.fundu-UITests";
				PRODUCT_NAME = "$(TARGET_NAME)";
				SWIFT_VERSION = 4.0;
				TARGETED_DEVICE_FAMILY = "1,2";
				TEST_TARGET_NAME = "fundü";
			};
			name = Release;
		};
/* End XCBuildConfiguration section */

/* Begin XCConfigurationList section */
		01777A991FCF6EF4002B95D4 /* Build configuration list for PBXProject "fundü" */ = {
			isa = XCConfigurationList;
			buildConfigurations = (
				01777AC41FCF6EF4002B95D4 /* Debug */,
				01777AC51FCF6EF4002B95D4 /* Release */,
			);
			defaultConfigurationIsVisible = 0;
			defaultConfigurationName = Release;
		};
		01777AC61FCF6EF4002B95D4 /* Build configuration list for PBXNativeTarget "fundü" */ = {
			isa = XCConfigurationList;
			buildConfigurations = (
				01777AC71FCF6EF4002B95D4 /* Debug */,
				01777AC81FCF6EF4002B95D4 /* Release */,
			);
			defaultConfigurationIsVisible = 0;
			defaultConfigurationName = Release;
		};
		01777AC91FCF6EF4002B95D4 /* Build configuration list for PBXNativeTarget "fundüTests" */ = {
			isa = XCConfigurationList;
			buildConfigurations = (
				01777ACA1FCF6EF4002B95D4 /* Debug */,
				01777ACB1FCF6EF4002B95D4 /* Release */,
			);
			defaultConfigurationIsVisible = 0;
			defaultConfigurationName = Release;
		};
		01777ACC1FCF6EF4002B95D4 /* Build configuration list for PBXNativeTarget "fundüUITests" */ = {
			isa = XCConfigurationList;
			buildConfigurations = (
				01777ACD1FCF6EF4002B95D4 /* Debug */,
				01777ACE1FCF6EF4002B95D4 /* Release */,
			);
			defaultConfigurationIsVisible = 0;
			defaultConfigurationName = Release;
		};
/* End XCConfigurationList section */
	};
	rootObject = 01777A961FCF6EF4002B95D4 /* Project object */;
}
